{
  "version": 4,
  "terraform_version": "1.5.7",
  "serial": 26,
  "lineage": "1579fa00-a6d4-5a4f-e4d1-f4c15becba27",
  "outputs": {},
  "resources": [
    {
      "module": "module.music-app-build",
      "mode": "managed",
      "type": "aws_codebuild_project",
      "name": "codebuild",
      "provider": "module.music-app-build.provider[\"registry.terraform.io/hashicorp/aws\"]",
      "instances": [
        {
          "schema_version": 0,
          "attributes": {
            "arn": "arn:aws:codebuild:us-west-2:235494776074:project/musician-build",
            "artifacts": [
              {
                "artifact_identifier": "",
                "bucket_owner_access": "",
                "encryption_disabled": false,
                "location": "",
                "name": "",
                "namespace_type": "",
                "override_artifact_name": false,
                "packaging": "",
                "path": "",
                "type": "NO_ARTIFACTS"
              }
            ],
            "badge_enabled": false,
            "badge_url": "",
            "build_batch_config": [],
            "build_timeout": 15,
            "cache": [
              {
                "location": "",
                "modes": [],
                "type": "NO_CACHE"
              }
            ],
            "concurrent_build_limit": 0,
            "description": "CodeBuild project for musician",
            "encryption_key": "arn:aws:kms:us-west-2:235494776074:alias/aws/s3",
            "environment": [
              {
                "certificate": "",
                "compute_type": "BUILD_LAMBDA_1GB",
                "environment_variable": [
                  {
                    "name": "NODE_ENV",
                    "type": "PLAINTEXT",
                    "value": "test"
                  }
                ],
                "fleet": [],
                "image": "aws/codebuild/amazonlinux-x86_64-lambda-standard:nodejs20",
                "image_pull_credentials_type": "CODEBUILD",
                "privileged_mode": false,
                "registry_credential": [],
                "type": "LINUX_LAMBDA_CONTAINER"
              }
            ],
            "file_system_locations": [],
            "id": "arn:aws:codebuild:us-west-2:235494776074:project/musician-build",
            "logs_config": [
              {
                "cloudwatch_logs": [
                  {
                    "group_name": "",
                    "status": "ENABLED",
                    "stream_name": ""
                  }
                ],
                "s3_logs": [
                  {
                    "bucket_owner_access": "",
                    "encryption_disabled": false,
                    "location": "",
                    "status": "DISABLED"
                  }
                ]
              }
            ],
            "name": "musician-build",
            "project_visibility": "PRIVATE",
            "public_project_alias": "",
            "queued_timeout": 0,
            "resource_access_role": "",
            "secondary_artifacts": [],
            "secondary_source_version": [],
            "secondary_sources": [],
            "service_role": "arn:aws:iam::235494776074:role/musician-codebuild-role",
            "source": [
              {
                "build_status_config": [],
                "buildspec": "buildspec.yml",
                "git_clone_depth": 1,
                "git_submodules_config": [],
                "insecure_ssl": false,
                "location": "https://github.com/anshalsavla/musician-app.git",
                "report_build_status": true,
                "type": "GITHUB"
              }
            ],
            "source_version": "",
            "tags": {},
            "tags_all": {},
            "vpc_config": []
          },
          "sensitive_attributes": [],
          "private": "bnVsbA==",
          "dependencies": [
            "module.music-app-build.aws_iam_role.codebuild_role"
          ]
        }
      ]
    },
    {
      "module": "module.music-app-build",
      "mode": "managed",
      "type": "aws_codebuild_webhook",
      "name": "codebuild_webhook",
      "provider": "module.music-app-build.provider[\"registry.terraform.io/hashicorp/aws\"]",
      "instances": [
        {
          "schema_version": 0,
          "attributes": {
            "branch_filter": "",
            "build_type": "",
            "filter_group": [],
            "id": "musician-build",
            "payload_url": "https://codebuild.us-west-2.amazonaws.com/webhooks?t=eyJlbmNyeXB0ZWREYXRhIjoiU2k1WHVRamJ0cEFQdHFNS0dVYXh4MEFPOHg5cDZ1NjE3em5CcWJxb1hQVW9JNkNBcmlMa2w2ck5XaTVEcTJqNEU4aFk1Q0hOVCtPcnZiR1ZhRzdEdUowPSIsIml2UGFyYW1ldGVyU3BlYyI6ImFYdi9RTEtQaWFFdnZ1Q0QiLCJtYXRlcmlhbFNldFNlcmlhbCI6MX0%3D\u0026v=1",
            "project_name": "musician-build",
            "scope_configuration": [],
            "secret": "",
            "url": "https://api.github.com/repos/anshalsavla/musician-app/hooks/533797952"
          },
          "sensitive_attributes": [],
          "private": "bnVsbA==",
          "dependencies": [
            "module.music-app-build.aws_codebuild_project.codebuild",
            "module.music-app-build.aws_iam_role.codebuild_role"
          ]
        }
      ]
    },
    {
      "module": "module.music-app-build",
      "mode": "managed",
      "type": "aws_iam_role",
      "name": "codebuild_role",
      "provider": "module.music-app-build.provider[\"registry.terraform.io/hashicorp/aws\"]",
      "instances": [
        {
          "schema_version": 0,
          "attributes": {
            "arn": "arn:aws:iam::235494776074:role/musician-codebuild-role",
            "assume_role_policy": "{\"Statement\":[{\"Action\":\"sts:AssumeRole\",\"Effect\":\"Allow\",\"Principal\":{\"Service\":\"codebuild.amazonaws.com\"}}],\"Version\":\"2012-10-17\"}",
            "create_date": "2025-03-06T19:53:32Z",
            "description": "",
            "force_detach_policies": false,
            "id": "musician-codebuild-role",
            "inline_policy": [
              {
                "name": "musician-codebuild--policy",
                "policy": "{\"Version\":\"2012-10-17\",\"Statement\":[{\"Action\":[\"logs:CreateLogGroup\",\"logs:CreateLogStream\",\"logs:PutLogEvents\",\"codebuild:CreateWebhook\",\"codebuild:DeleteWebhook\",\"codebuild:UpdateWebhook\"],\"Effect\":\"Allow\",\"Resource\":\"*\"},{\"Action\":[\"s3:GetObject\",\"s3:PutObject\",\"s3:GetObjectVersion\",\"s3:GetBucketLocation\"],\"Effect\":\"Allow\",\"Resource\":\"*\"},{\"Action\":[\"codebuild:BatchGetBuilds\",\"codebuild:StartBuild\",\"codebuild:BatchGetProjects\",\"codebuild:StopBuild\",\"codebuild:BatchGetBuilds\"],\"Effect\":\"Allow\",\"Resource\":\"*\"},{\"Action\":[\"codestar-connections:GetConnectionToken\",\"codestar-connections:GetConnection\",\"codeconnections:GetConnectionToken\",\"codeconnections:GetConnection\",\"codeconnections:UseConnection\"],\"Effect\":\"Allow\",\"Resource\":[\"arn:aws:codestar-connections:us-west-2:235494776074:connection/59ed7f2b-390d-44f2-9115-2933d1520271\",\"arn:aws:codeconnections:us-west-2:235494776074:connection/59ed7f2b-390d-44f2-9115-2933d1520271\"]}]}"
              }
            ],
            "managed_policy_arns": [],
            "max_session_duration": 3600,
            "name": "musician-codebuild-role",
            "name_prefix": "",
            "path": "/",
            "permissions_boundary": "",
            "tags": {},
            "tags_all": {},
            "unique_id": "AROATNVEVDUFN5QHV345D"
          },
          "sensitive_attributes": [],
          "private": "bnVsbA=="
        }
      ]
    },
    {
      "module": "module.music-app-build",
      "mode": "managed",
      "type": "aws_iam_role_policy",
      "name": "codebuild_policy",
      "provider": "module.music-app-build.provider[\"registry.terraform.io/hashicorp/aws\"]",
      "instances": [
        {
          "schema_version": 0,
          "attributes": {
            "id": "musician-codebuild-role:musician-codebuild--policy",
            "name": "musician-codebuild--policy",
            "name_prefix": "",
            "policy": "{\"Version\":\"2012-10-17\",\"Statement\":[{\"Action\":[\"logs:CreateLogGroup\",\"logs:CreateLogStream\",\"logs:PutLogEvents\",\"codebuild:CreateWebhook\",\"codebuild:DeleteWebhook\",\"codebuild:UpdateWebhook\"],\"Effect\":\"Allow\",\"Resource\":\"*\"},{\"Action\":[\"s3:GetObject\",\"s3:PutObject\",\"s3:GetObjectVersion\",\"s3:GetBucketLocation\"],\"Effect\":\"Allow\",\"Resource\":\"*\"},{\"Action\":[\"codebuild:BatchGetBuilds\",\"codebuild:StartBuild\",\"codebuild:BatchGetProjects\",\"codebuild:StopBuild\",\"codebuild:BatchGetBuilds\"],\"Effect\":\"Allow\",\"Resource\":\"*\"},{\"Action\":[\"codestar-connections:GetConnectionToken\",\"codestar-connections:GetConnection\",\"codeconnections:GetConnectionToken\",\"codeconnections:GetConnection\",\"codeconnections:UseConnection\"],\"Effect\":\"Allow\",\"Resource\":[\"arn:aws:codestar-connections:us-west-2:235494776074:connection/59ed7f2b-390d-44f2-9115-2933d1520271\",\"arn:aws:codeconnections:us-west-2:235494776074:connection/59ed7f2b-390d-44f2-9115-2933d1520271\"]}]}",
            "role": "musician-codebuild-role"
          },
          "sensitive_attributes": [],
          "private": "bnVsbA==",
          "dependencies": [
            "module.music-app-build.aws_iam_role.codebuild_role"
          ]
        }
      ]
    }
  ],
  "check_results": null
}
